
Microsoft Visual Studio Solution File, Format Version 12.00
# Visual Studio Version 16
VisualStudioVersion = 16.0.29709.97
MinimumVisualStudioVersion = 10.0.40219.1
Project("{FAE04EC0-301F-11D3-BF4B-00C04F79EFBC}") = "RS", "RS\RS.csproj", "{A39EACD7-204A-4BDE-A862-3ABBFBA48BDD}"
EndProject
Global
	GlobalSection(SolutionConfigurationPlatforms) = preSolution
		Debug|Any CPU = Debug|Any CPU
		Release|Any CPU = Release|Any CPU
	EndGlobalSection
	GlobalSection(ProjectConfigurationPlatforms) = postSolution
		{A39EACD7-204A-4BDE-A862-3ABBFBA48BDD}.Debug|Any CPU.ActiveCfg = Debug|Any CPU
		{A39EACD7-204A-4BDE-A862-3ABBFBA48BDD}.Debug|Any CPU.Build.0 = Debug|Any CPU
		{A39EACD7-204A-4BDE-A862-3ABBFBA48BDD}.Release|Any CPU.ActiveCfg = Release|Any CPU
		{A39EACD7-204A-4BDE-A862-3ABBFBA48BDD}.Release|Any CPU.Build.0 = Release|Any CPU
	EndGlobalSection
	GlobalSection(SolutionProperties) = preSolution
		HideSolutionNode = FALSE
	EndGlobalSection
	GlobalSection(ExtensibilityGlobals) = postSolution
		SolutionGuid = {82F845F5-6D56-4232-B1AA-300F0349E548}
	EndGlobalSection
EndGlobal
