
Microsoft Visual Studio Solution File, Format Version 12.00
# Visual Studio Version 16
VisualStudioVersion = 16.0.29230.47
MinimumVisualStudioVersion = 10.0.40219.1
Project("{FAE04EC0-301F-11D3-BF4B-00C04F79EFBC}") = "ALC2", "ALC2\ALC2.csproj", "{64C062CD-CA32-4E5A-A5F6-41111EBA2089}"
EndProject
Global
	GlobalSection(SolutionConfigurationPlatforms) = preSolution
		Debug|Any CPU = Debug|Any CPU
		Release|Any CPU = Release|Any CPU
	EndGlobalSection
	GlobalSection(ProjectConfigurationPlatforms) = postSolution
		{64C062CD-CA32-4E5A-A5F6-41111EBA2089}.Debug|Any CPU.ActiveCfg = Debug|Any CPU
		{64C062CD-CA32-4E5A-A5F6-41111EBA2089}.Debug|Any CPU.Build.0 = Debug|Any CPU
		{64C062CD-CA32-4E5A-A5F6-41111EBA2089}.Release|Any CPU.ActiveCfg = Release|Any CPU
		{64C062CD-CA32-4E5A-A5F6-41111EBA2089}.Release|Any CPU.Build.0 = Release|Any CPU
	EndGlobalSection
	GlobalSection(SolutionProperties) = preSolution
		HideSolutionNode = FALSE
	EndGlobalSection
	GlobalSection(ExtensibilityGlobals) = postSolution
		SolutionGuid = {525F2F42-04DB-4B25-AABE-F25B36110508}
	EndGlobalSection
EndGlobal
